
Microsoft Visual Studio Solution File, Format Version 12.00
# Visual Studio 2013
VisualStudioVersion = 12.0.21005.1
MinimumVisualStudioVersion = 10.0.40219.1
Project("{FAE04EC0-301F-11D3-BF4B-00C04F79EFBC}") = "Xtensive.Orm.Localization", "Xtensive.Orm.Localization\Xtensive.Orm.Localization.csproj", "{617995C8-F194-4E6D-889A-035BBDC2891D}"
EndProject
Project("{FAE04EC0-301F-11D3-BF4B-00C04F79EFBC}") = "Xtensive.Orm.Web", "Xtensive.Orm.Web\Xtensive.Orm.Web.csproj", "{C529CA3B-7EA0-417A-8DFF-D38471D52CA5}"
EndProject
Project("{FAE04EC0-301F-11D3-BF4B-00C04F79EFBC}") = "Xtensive.Orm.Localization.Tests", "Xtensive.Orm.Localization.Tests\Xtensive.Orm.Localization.Tests.csproj", "{65571EC6-1C6C-480E-AB84-4A857FE46B14}"
EndProject
Project("{FAE04EC0-301F-11D3-BF4B-00C04F79EFBC}") = "Xtensive.Orm.Security", "Xtensive.Orm.Security\Xtensive.Orm.Security.csproj", "{5664B4E1-39FD-464B-833C-4FDF1CD95759}"
EndProject
Project("{FAE04EC0-301F-11D3-BF4B-00C04F79EFBC}") = "Xtensive.Orm.Security.Tests", "Xtensive.Orm.Security.Tests\Xtensive.Orm.Security.Tests.csproj", "{BE60573F-AF5D-4AA1-8BE6-3288BE7E42B5}"
EndProject
Project("{FAE04EC0-301F-11D3-BF4B-00C04F79EFBC}") = "Xtensive.Orm.Reprocessing", "Xtensive.Orm.Reprocessing\Xtensive.Orm.Reprocessing.csproj", "{09420377-7CA6-47B5-AC62-7B3331B45FC3}"
EndProject
Project("{FAE04EC0-301F-11D3-BF4B-00C04F79EFBC}") = "Xtensive.Orm.Reprocessing.Tests", "Xtensive.Orm.Reprocessing.Tests\Xtensive.Orm.Reprocessing.Tests.csproj", "{7C8B4B5B-C942-4955-9FB5-F84947CEF089}"
EndProject
Project("{FAE04EC0-301F-11D3-BF4B-00C04F79EFBC}") = "Xtensive.Orm.BulkOperations", "Xtensive.Orm.BulkOperations\Xtensive.Orm.BulkOperations.csproj", "{85405F40-3B18-4F3F-B0AB-AFEC4E63607B}"
EndProject
Project("{FAE04EC0-301F-11D3-BF4B-00C04F79EFBC}") = "Xtensive.Orm.BulkOperations.Tests", "Xtensive.Orm.BulkOperations.Tests\Xtensive.Orm.BulkOperations.Tests.csproj", "{2F037486-0DDE-44CD-9F50-B35B1333A837}"
EndProject
Project("{2150E333-8FDC-42A3-9474-1A3956D46DE8}") = "BulkOperations", "BulkOperations", "{DE03EA80-A8AF-4D50-9326-E2BBBEF4ACE1}"
EndProject
Project("{2150E333-8FDC-42A3-9474-1A3956D46DE8}") = "Localization", "Localization", "{575D45A9-B8B2-41A9-B46D-D4B787AD712D}"
EndProject
Project("{2150E333-8FDC-42A3-9474-1A3956D46DE8}") = "Reprocessing", "Reprocessing", "{2F15B52A-2077-40DE-9F63-FA8CFF3F2179}"
EndProject
Project("{2150E333-8FDC-42A3-9474-1A3956D46DE8}") = "Security", "Security", "{23F998A6-2D1B-49F7-85C0-8068A3802311}"
EndProject
Project("{2150E333-8FDC-42A3-9474-1A3956D46DE8}") = "Web", "Web", "{4F91A28A-1C59-4DA5-BEFE-EB3577B1A884}"
EndProject
Project("{2150E333-8FDC-42A3-9474-1A3956D46DE8}") = "Tracking", "Tracking", "{2AE369D9-FB1F-4ED0-9F17-7E8930580B01}"
EndProject
Project("{FAE04EC0-301F-11D3-BF4B-00C04F79EFBC}") = "Xtensive.Orm.Tracking", "Xtensive.Orm.Tracking\Xtensive.Orm.Tracking.csproj", "{DAF8834B-E9A4-49E2-9ECE-ABD748607554}"
EndProject
Project("{FAE04EC0-301F-11D3-BF4B-00C04F79EFBC}") = "Xtensive.Orm.Tracking.Tests", "Xtensive.Orm.Tracking.Tests\Xtensive.Orm.Tracking.Tests.csproj", "{8C3E6DFF-EE15-4C34-95E6-EB408507C130}"
EndProject
Project("{FAE04EC0-301F-11D3-BF4B-00C04F79EFBC}") = "TestCommon", "TestCommon\TestCommon.csproj", "{08F33A56-AFE1-45AF-BB6B-B0AC4EF1180C}"
EndProject
Project("{2150E333-8FDC-42A3-9474-1A3956D46DE8}") = "Common", "Common", "{7DA966E0-5AA1-42E8-A073-FE127895EBDF}"
EndProject
Project("{2150E333-8FDC-42A3-9474-1A3956D46DE8}") = "Logging", "Logging", "{76F14C88-522B-45CB-828F-4DA46C07C16B}"
EndProject
Project("{FAE04EC0-301F-11D3-BF4B-00C04F79EFBC}") = "Xtensive.Orm.Logging.NLog", "Xtensive.Orm.Logging.NLog\Xtensive.Orm.Logging.NLog.csproj", "{7541613C-920C-432C-8C23-41D6F48FE90A}"
EndProject
Project("{FAE04EC0-301F-11D3-BF4B-00C04F79EFBC}") = "Xtensive.Orm.Logging.NLog.Tests", "Xtensive.Orm.Logging.NLog.Tests\Xtensive.Orm.Logging.NLog.Tests.csproj", "{5B872574-5820-4DBF-B655-65E0F6576DF1}"
EndProject
Project("{FAE04EC0-301F-11D3-BF4B-00C04F79EFBC}") = "Xtensive.Orm.Logging.log4net", "Xtensive.Orm.Logging.log4net\Xtensive.Orm.Logging.log4net.csproj", "{A1047FEA-0F15-44CC-8787-5A8410272355}"
EndProject
Project("{FAE04EC0-301F-11D3-BF4B-00C04F79EFBC}") = "Xtensive.Orm.Logging.log4net.Tests", "Xtensive.Orm.Logging.log4net.Tests\Xtensive.Orm.Logging.log4net.Tests.csproj", "{FC233AB2-B5FA-4362-B396-C6110821C157}"
EndProject
Global
	GlobalSection(SolutionConfigurationPlatforms) = preSolution
		Net40-Debug|Any CPU = Net40-Debug|Any CPU
		Net40-Release|Any CPU = Net40-Release|Any CPU
		Net45-Debug|Any CPU = Net45-Debug|Any CPU
		Net45-Release|Any CPU = Net45-Release|Any CPU
	EndGlobalSection
	GlobalSection(ProjectConfigurationPlatforms) = postSolution
		{617995C8-F194-4E6D-889A-035BBDC2891D}.Net40-Debug|Any CPU.ActiveCfg = Net40-Debug|Any CPU
		{617995C8-F194-4E6D-889A-035BBDC2891D}.Net40-Debug|Any CPU.Build.0 = Net40-Debug|Any CPU
		{617995C8-F194-4E6D-889A-035BBDC2891D}.Net40-Release|Any CPU.ActiveCfg = Net40-Release|Any CPU
		{617995C8-F194-4E6D-889A-035BBDC2891D}.Net40-Release|Any CPU.Build.0 = Net40-Release|Any CPU
		{617995C8-F194-4E6D-889A-035BBDC2891D}.Net45-Debug|Any CPU.ActiveCfg = Net45-Debug|Any CPU
		{617995C8-F194-4E6D-889A-035BBDC2891D}.Net45-Debug|Any CPU.Build.0 = Net45-Debug|Any CPU
		{617995C8-F194-4E6D-889A-035BBDC2891D}.Net45-Release|Any CPU.ActiveCfg = Net45-Release|Any CPU
		{617995C8-F194-4E6D-889A-035BBDC2891D}.Net45-Release|Any CPU.Build.0 = Net45-Release|Any CPU
		{C529CA3B-7EA0-417A-8DFF-D38471D52CA5}.Net40-Debug|Any CPU.ActiveCfg = Net40-Debug|Any CPU
		{C529CA3B-7EA0-417A-8DFF-D38471D52CA5}.Net40-Debug|Any CPU.Build.0 = Net40-Debug|Any CPU
		{C529CA3B-7EA0-417A-8DFF-D38471D52CA5}.Net40-Release|Any CPU.ActiveCfg = Net40-Release|Any CPU
		{C529CA3B-7EA0-417A-8DFF-D38471D52CA5}.Net40-Release|Any CPU.Build.0 = Net40-Release|Any CPU
		{C529CA3B-7EA0-417A-8DFF-D38471D52CA5}.Net45-Debug|Any CPU.ActiveCfg = Net45-Debug|Any CPU
		{C529CA3B-7EA0-417A-8DFF-D38471D52CA5}.Net45-Debug|Any CPU.Build.0 = Net45-Debug|Any CPU
		{C529CA3B-7EA0-417A-8DFF-D38471D52CA5}.Net45-Release|Any CPU.ActiveCfg = Net45-Release|Any CPU
		{C529CA3B-7EA0-417A-8DFF-D38471D52CA5}.Net45-Release|Any CPU.Build.0 = Net45-Release|Any CPU
		{65571EC6-1C6C-480E-AB84-4A857FE46B14}.Net40-Debug|Any CPU.ActiveCfg = Net40-Debug|Any CPU
		{65571EC6-1C6C-480E-AB84-4A857FE46B14}.Net40-Debug|Any CPU.Build.0 = Net40-Debug|Any CPU
		{65571EC6-1C6C-480E-AB84-4A857FE46B14}.Net40-Release|Any CPU.ActiveCfg = Net40-Release|Any CPU
		{65571EC6-1C6C-480E-AB84-4A857FE46B14}.Net40-Release|Any CPU.Build.0 = Net40-Release|Any CPU
		{65571EC6-1C6C-480E-AB84-4A857FE46B14}.Net45-Debug|Any CPU.ActiveCfg = Net45-Debug|Any CPU
		{65571EC6-1C6C-480E-AB84-4A857FE46B14}.Net45-Debug|Any CPU.Build.0 = Net45-Debug|Any CPU
		{65571EC6-1C6C-480E-AB84-4A857FE46B14}.Net45-Release|Any CPU.ActiveCfg = Net45-Release|Any CPU
		{65571EC6-1C6C-480E-AB84-4A857FE46B14}.Net45-Release|Any CPU.Build.0 = Net45-Release|Any CPU
		{5664B4E1-39FD-464B-833C-4FDF1CD95759}.Net40-Debug|Any CPU.ActiveCfg = Net40-Debug|Any CPU
		{5664B4E1-39FD-464B-833C-4FDF1CD95759}.Net40-Debug|Any CPU.Build.0 = Net40-Debug|Any CPU
		{5664B4E1-39FD-464B-833C-4FDF1CD95759}.Net40-Release|Any CPU.ActiveCfg = Net40-Release|Any CPU
		{5664B4E1-39FD-464B-833C-4FDF1CD95759}.Net40-Release|Any CPU.Build.0 = Net40-Release|Any CPU
		{5664B4E1-39FD-464B-833C-4FDF1CD95759}.Net45-Debug|Any CPU.ActiveCfg = Net45-Debug|Any CPU
		{5664B4E1-39FD-464B-833C-4FDF1CD95759}.Net45-Debug|Any CPU.Build.0 = Net45-Debug|Any CPU
		{5664B4E1-39FD-464B-833C-4FDF1CD95759}.Net45-Release|Any CPU.ActiveCfg = Net45-Release|Any CPU
		{5664B4E1-39FD-464B-833C-4FDF1CD95759}.Net45-Release|Any CPU.Build.0 = Net45-Release|Any CPU
		{BE60573F-AF5D-4AA1-8BE6-3288BE7E42B5}.Net40-Debug|Any CPU.ActiveCfg = Net40-Debug|Any CPU
		{BE60573F-AF5D-4AA1-8BE6-3288BE7E42B5}.Net40-Debug|Any CPU.Build.0 = Net40-Debug|Any CPU
		{BE60573F-AF5D-4AA1-8BE6-3288BE7E42B5}.Net40-Release|Any CPU.ActiveCfg = Net40-Release|Any CPU
		{BE60573F-AF5D-4AA1-8BE6-3288BE7E42B5}.Net40-Release|Any CPU.Build.0 = Net40-Release|Any CPU
		{BE60573F-AF5D-4AA1-8BE6-3288BE7E42B5}.Net45-Debug|Any CPU.ActiveCfg = Net45-Debug|Any CPU
		{BE60573F-AF5D-4AA1-8BE6-3288BE7E42B5}.Net45-Debug|Any CPU.Build.0 = Net45-Debug|Any CPU
		{BE60573F-AF5D-4AA1-8BE6-3288BE7E42B5}.Net45-Release|Any CPU.ActiveCfg = Net45-Release|Any CPU
		{BE60573F-AF5D-4AA1-8BE6-3288BE7E42B5}.Net45-Release|Any CPU.Build.0 = Net45-Release|Any CPU
		{09420377-7CA6-47B5-AC62-7B3331B45FC3}.Net40-Debug|Any CPU.ActiveCfg = Net40-Debug|Any CPU
		{09420377-7CA6-47B5-AC62-7B3331B45FC3}.Net40-Debug|Any CPU.Build.0 = Net40-Debug|Any CPU
		{09420377-7CA6-47B5-AC62-7B3331B45FC3}.Net40-Release|Any CPU.ActiveCfg = Net40-Release|Any CPU
		{09420377-7CA6-47B5-AC62-7B3331B45FC3}.Net40-Release|Any CPU.Build.0 = Net40-Release|Any CPU
		{09420377-7CA6-47B5-AC62-7B3331B45FC3}.Net45-Debug|Any CPU.ActiveCfg = Net45-Debug|Any CPU
		{09420377-7CA6-47B5-AC62-7B3331B45FC3}.Net45-Debug|Any CPU.Build.0 = Net45-Debug|Any CPU
		{09420377-7CA6-47B5-AC62-7B3331B45FC3}.Net45-Release|Any CPU.ActiveCfg = Net45-Release|Any CPU
		{09420377-7CA6-47B5-AC62-7B3331B45FC3}.Net45-Release|Any CPU.Build.0 = Net45-Release|Any CPU
		{7C8B4B5B-C942-4955-9FB5-F84947CEF089}.Net40-Debug|Any CPU.ActiveCfg = Net40-Debug|Any CPU
		{7C8B4B5B-C942-4955-9FB5-F84947CEF089}.Net40-Debug|Any CPU.Build.0 = Net40-Debug|Any CPU
		{7C8B4B5B-C942-4955-9FB5-F84947CEF089}.Net40-Release|Any CPU.ActiveCfg = Net40-Release|Any CPU
		{7C8B4B5B-C942-4955-9FB5-F84947CEF089}.Net40-Release|Any CPU.Build.0 = Net40-Release|Any CPU
		{7C8B4B5B-C942-4955-9FB5-F84947CEF089}.Net45-Debug|Any CPU.ActiveCfg = Net45-Debug|Any CPU
		{7C8B4B5B-C942-4955-9FB5-F84947CEF089}.Net45-Debug|Any CPU.Build.0 = Net45-Debug|Any CPU
		{7C8B4B5B-C942-4955-9FB5-F84947CEF089}.Net45-Release|Any CPU.ActiveCfg = Net45-Release|Any CPU
		{7C8B4B5B-C942-4955-9FB5-F84947CEF089}.Net45-Release|Any CPU.Build.0 = Net45-Release|Any CPU
		{85405F40-3B18-4F3F-B0AB-AFEC4E63607B}.Net40-Debug|Any CPU.ActiveCfg = Net40-Debug|Any CPU
		{85405F40-3B18-4F3F-B0AB-AFEC4E63607B}.Net40-Debug|Any CPU.Build.0 = Net40-Debug|Any CPU
		{85405F40-3B18-4F3F-B0AB-AFEC4E63607B}.Net40-Release|Any CPU.ActiveCfg = Net40-Release|Any CPU
		{85405F40-3B18-4F3F-B0AB-AFEC4E63607B}.Net40-Release|Any CPU.Build.0 = Net40-Release|Any CPU
		{85405F40-3B18-4F3F-B0AB-AFEC4E63607B}.Net45-Debug|Any CPU.ActiveCfg = Net45-Debug|Any CPU
		{85405F40-3B18-4F3F-B0AB-AFEC4E63607B}.Net45-Debug|Any CPU.Build.0 = Net45-Debug|Any CPU
		{85405F40-3B18-4F3F-B0AB-AFEC4E63607B}.Net45-Release|Any CPU.ActiveCfg = Net45-Release|Any CPU
		{85405F40-3B18-4F3F-B0AB-AFEC4E63607B}.Net45-Release|Any CPU.Build.0 = Net45-Release|Any CPU
		{2F037486-0DDE-44CD-9F50-B35B1333A837}.Net40-Debug|Any CPU.ActiveCfg = Net40-Debug|Any CPU
		{2F037486-0DDE-44CD-9F50-B35B1333A837}.Net40-Debug|Any CPU.Build.0 = Net40-Debug|Any CPU
		{2F037486-0DDE-44CD-9F50-B35B1333A837}.Net40-Release|Any CPU.ActiveCfg = Net40-Release|Any CPU
		{2F037486-0DDE-44CD-9F50-B35B1333A837}.Net40-Release|Any CPU.Build.0 = Net40-Release|Any CPU
		{2F037486-0DDE-44CD-9F50-B35B1333A837}.Net45-Debug|Any CPU.ActiveCfg = Net45-Debug|Any CPU
		{2F037486-0DDE-44CD-9F50-B35B1333A837}.Net45-Debug|Any CPU.Build.0 = Net45-Debug|Any CPU
		{2F037486-0DDE-44CD-9F50-B35B1333A837}.Net45-Release|Any CPU.ActiveCfg = Net45-Release|Any CPU
		{2F037486-0DDE-44CD-9F50-B35B1333A837}.Net45-Release|Any CPU.Build.0 = Net45-Release|Any CPU
		{DAF8834B-E9A4-49E2-9ECE-ABD748607554}.Net40-Debug|Any CPU.ActiveCfg = Net40-Debug|Any CPU
		{DAF8834B-E9A4-49E2-9ECE-ABD748607554}.Net40-Debug|Any CPU.Build.0 = Net40-Debug|Any CPU
		{DAF8834B-E9A4-49E2-9ECE-ABD748607554}.Net40-Release|Any CPU.ActiveCfg = Net40-Release|Any CPU
		{DAF8834B-E9A4-49E2-9ECE-ABD748607554}.Net40-Release|Any CPU.Build.0 = Net40-Release|Any CPU
		{DAF8834B-E9A4-49E2-9ECE-ABD748607554}.Net45-Debug|Any CPU.ActiveCfg = Net45-Debug|Any CPU
		{DAF8834B-E9A4-49E2-9ECE-ABD748607554}.Net45-Debug|Any CPU.Build.0 = Net45-Debug|Any CPU
		{DAF8834B-E9A4-49E2-9ECE-ABD748607554}.Net45-Release|Any CPU.ActiveCfg = Net45-Release|Any CPU
		{DAF8834B-E9A4-49E2-9ECE-ABD748607554}.Net45-Release|Any CPU.Build.0 = Net45-Release|Any CPU
		{8C3E6DFF-EE15-4C34-95E6-EB408507C130}.Net40-Debug|Any CPU.ActiveCfg = Net40-Debug|Any CPU
		{8C3E6DFF-EE15-4C34-95E6-EB408507C130}.Net40-Debug|Any CPU.Build.0 = Net40-Debug|Any CPU
		{8C3E6DFF-EE15-4C34-95E6-EB408507C130}.Net40-Release|Any CPU.ActiveCfg = Net40-Release|Any CPU
		{8C3E6DFF-EE15-4C34-95E6-EB408507C130}.Net40-Release|Any CPU.Build.0 = Net40-Release|Any CPU
		{8C3E6DFF-EE15-4C34-95E6-EB408507C130}.Net45-Debug|Any CPU.ActiveCfg = Net45-Debug|Any CPU
		{8C3E6DFF-EE15-4C34-95E6-EB408507C130}.Net45-Debug|Any CPU.Build.0 = Net45-Debug|Any CPU
		{8C3E6DFF-EE15-4C34-95E6-EB408507C130}.Net45-Release|Any CPU.ActiveCfg = Net45-Release|Any CPU
		{8C3E6DFF-EE15-4C34-95E6-EB408507C130}.Net45-Release|Any CPU.Build.0 = Net45-Release|Any CPU
		{08F33A56-AFE1-45AF-BB6B-B0AC4EF1180C}.Net40-Debug|Any CPU.ActiveCfg = Net40-Debug|Any CPU
		{08F33A56-AFE1-45AF-BB6B-B0AC4EF1180C}.Net40-Debug|Any CPU.Build.0 = Net40-Debug|Any CPU
		{08F33A56-AFE1-45AF-BB6B-B0AC4EF1180C}.Net40-Release|Any CPU.ActiveCfg = Net40-Release|Any CPU
		{08F33A56-AFE1-45AF-BB6B-B0AC4EF1180C}.Net40-Release|Any CPU.Build.0 = Net40-Release|Any CPU
		{08F33A56-AFE1-45AF-BB6B-B0AC4EF1180C}.Net45-Debug|Any CPU.ActiveCfg = Net45-Debug|Any CPU
		{08F33A56-AFE1-45AF-BB6B-B0AC4EF1180C}.Net45-Debug|Any CPU.Build.0 = Net45-Debug|Any CPU
		{08F33A56-AFE1-45AF-BB6B-B0AC4EF1180C}.Net45-Release|Any CPU.ActiveCfg = Net45-Release|Any CPU
		{08F33A56-AFE1-45AF-BB6B-B0AC4EF1180C}.Net45-Release|Any CPU.Build.0 = Net45-Release|Any CPU
		{7541613C-920C-432C-8C23-41D6F48FE90A}.Net40-Debug|Any CPU.ActiveCfg = Net40-Debug|Any CPU
		{7541613C-920C-432C-8C23-41D6F48FE90A}.Net40-Debug|Any CPU.Build.0 = Net40-Debug|Any CPU
		{7541613C-920C-432C-8C23-41D6F48FE90A}.Net40-Release|Any CPU.ActiveCfg = Net40-Release|Any CPU
		{7541613C-920C-432C-8C23-41D6F48FE90A}.Net40-Release|Any CPU.Build.0 = Net40-Release|Any CPU
		{7541613C-920C-432C-8C23-41D6F48FE90A}.Net45-Debug|Any CPU.ActiveCfg = Net45-Debug|Any CPU
		{7541613C-920C-432C-8C23-41D6F48FE90A}.Net45-Debug|Any CPU.Build.0 = Net45-Debug|Any CPU
		{7541613C-920C-432C-8C23-41D6F48FE90A}.Net45-Release|Any CPU.ActiveCfg = Net45-Release|Any CPU
		{7541613C-920C-432C-8C23-41D6F48FE90A}.Net45-Release|Any CPU.Build.0 = Net45-Release|Any CPU
		{5B872574-5820-4DBF-B655-65E0F6576DF1}.Net40-Debug|Any CPU.ActiveCfg = Net40-Release|Any CPU
		{5B872574-5820-4DBF-B655-65E0F6576DF1}.Net40-Debug|Any CPU.Build.0 = Net40-Release|Any CPU
		{5B872574-5820-4DBF-B655-65E0F6576DF1}.Net40-Release|Any CPU.ActiveCfg = Net40-Release|Any CPU
		{5B872574-5820-4DBF-B655-65E0F6576DF1}.Net40-Release|Any CPU.Build.0 = Net40-Release|Any CPU
		{5B872574-5820-4DBF-B655-65E0F6576DF1}.Net45-Debug|Any CPU.ActiveCfg = Net45-Debug|Any CPU
		{5B872574-5820-4DBF-B655-65E0F6576DF1}.Net45-Debug|Any CPU.Build.0 = Net45-Debug|Any CPU
		{5B872574-5820-4DBF-B655-65E0F6576DF1}.Net45-Release|Any CPU.ActiveCfg = Net45-Release|Any CPU
		{5B872574-5820-4DBF-B655-65E0F6576DF1}.Net45-Release|Any CPU.Build.0 = Net45-Release|Any CPU
		{A1047FEA-0F15-44CC-8787-5A8410272355}.Net40-Debug|Any CPU.ActiveCfg = Net40-Debug|Any CPU
		{A1047FEA-0F15-44CC-8787-5A8410272355}.Net40-Debug|Any CPU.Build.0 = Net40-Debug|Any CPU
		{A1047FEA-0F15-44CC-8787-5A8410272355}.Net40-Release|Any CPU.ActiveCfg = Net40-Release|Any CPU
		{A1047FEA-0F15-44CC-8787-5A8410272355}.Net40-Release|Any CPU.Build.0 = Net40-Release|Any CPU
		{A1047FEA-0F15-44CC-8787-5A8410272355}.Net45-Debug|Any CPU.ActiveCfg = Net45-Debug|Any CPU
		{A1047FEA-0F15-44CC-8787-5A8410272355}.Net45-Debug|Any CPU.Build.0 = Net45-Debug|Any CPU
		{A1047FEA-0F15-44CC-8787-5A8410272355}.Net45-Release|Any CPU.ActiveCfg = Net45-Release|Any CPU
		{A1047FEA-0F15-44CC-8787-5A8410272355}.Net45-Release|Any CPU.Build.0 = Net45-Release|Any CPU
		{FC233AB2-B5FA-4362-B396-C6110821C157}.Net40-Debug|Any CPU.ActiveCfg = Net40-Debug|Any CPU
		{FC233AB2-B5FA-4362-B396-C6110821C157}.Net40-Debug|Any CPU.Build.0 = Net40-Debug|Any CPU
		{FC233AB2-B5FA-4362-B396-C6110821C157}.Net40-Release|Any CPU.ActiveCfg = Net40-Release|Any CPU
		{FC233AB2-B5FA-4362-B396-C6110821C157}.Net40-Release|Any CPU.Build.0 = Net40-Release|Any CPU
		{FC233AB2-B5FA-4362-B396-C6110821C157}.Net45-Debug|Any CPU.ActiveCfg = Net45-Debug|Any CPU
		{FC233AB2-B5FA-4362-B396-C6110821C157}.Net45-Debug|Any CPU.Build.0 = Net45-Debug|Any CPU
		{FC233AB2-B5FA-4362-B396-C6110821C157}.Net45-Release|Any CPU.ActiveCfg = Net45-Release|Any CPU
		{FC233AB2-B5FA-4362-B396-C6110821C157}.Net45-Release|Any CPU.Build.0 = Net45-Release|Any CPU
	EndGlobalSection
	GlobalSection(SolutionProperties) = preSolution
		HideSolutionNode = FALSE
	EndGlobalSection
	GlobalSection(NestedProjects) = preSolution
		{65571EC6-1C6C-480E-AB84-4A857FE46B14} = {575D45A9-B8B2-41A9-B46D-D4B787AD712D}
		{617995C8-F194-4E6D-889A-035BBDC2891D} = {575D45A9-B8B2-41A9-B46D-D4B787AD712D}
		{C529CA3B-7EA0-417A-8DFF-D38471D52CA5} = {4F91A28A-1C59-4DA5-BEFE-EB3577B1A884}
		{BE60573F-AF5D-4AA1-8BE6-3288BE7E42B5} = {23F998A6-2D1B-49F7-85C0-8068A3802311}
		{5664B4E1-39FD-464B-833C-4FDF1CD95759} = {23F998A6-2D1B-49F7-85C0-8068A3802311}
		{7C8B4B5B-C942-4955-9FB5-F84947CEF089} = {2F15B52A-2077-40DE-9F63-FA8CFF3F2179}
		{09420377-7CA6-47B5-AC62-7B3331B45FC3} = {2F15B52A-2077-40DE-9F63-FA8CFF3F2179}
		{2F037486-0DDE-44CD-9F50-B35B1333A837} = {DE03EA80-A8AF-4D50-9326-E2BBBEF4ACE1}
		{85405F40-3B18-4F3F-B0AB-AFEC4E63607B} = {DE03EA80-A8AF-4D50-9326-E2BBBEF4ACE1}
		{DAF8834B-E9A4-49E2-9ECE-ABD748607554} = {2AE369D9-FB1F-4ED0-9F17-7E8930580B01}
		{8C3E6DFF-EE15-4C34-95E6-EB408507C130} = {2AE369D9-FB1F-4ED0-9F17-7E8930580B01}
		{08F33A56-AFE1-45AF-BB6B-B0AC4EF1180C} = {7DA966E0-5AA1-42E8-A073-FE127895EBDF}
		{7541613C-920C-432C-8C23-41D6F48FE90A} = {76F14C88-522B-45CB-828F-4DA46C07C16B}
		{5B872574-5820-4DBF-B655-65E0F6576DF1} = {76F14C88-522B-45CB-828F-4DA46C07C16B}
		{A1047FEA-0F15-44CC-8787-5A8410272355} = {76F14C88-522B-45CB-828F-4DA46C07C16B}
		{FC233AB2-B5FA-4362-B396-C6110821C157} = {76F14C88-522B-45CB-828F-4DA46C07C16B}
	EndGlobalSection
EndGlobal
