
Microsoft Visual Studio Solution File, Format Version 12.00
# Visual Studio 15
VisualStudioVersion = 15.0.28010.2016
MinimumVisualStudioVersion = 10.0.40219.1
Project("{9A19103F-16F7-4668-BE54-9A1E7A4F7556}") = "Xtensive.Orm.BulkOperations", "Xtensive.Orm.BulkOperations\Xtensive.Orm.BulkOperations.csproj", "{453BB5E4-47C9-43F3-BF42-6F60F001E7A1}"
EndProject
Project("{2150E333-8FDC-42A3-9474-1A3956D46DE8}") = "BulkOperations", "BulkOperations", "{6DDF27EA-910A-4DC5-9FB0-913F7E758798}"
EndProject
Project("{9A19103F-16F7-4668-BE54-9A1E7A4F7556}") = "Xtensive.Orm.BulkOperations.Tests", "Xtensive.Orm.BulkOperations.Tests\Xtensive.Orm.BulkOperations.Tests.csproj", "{2F037486-0DDE-44CD-9F50-B35B1333A837}"
EndProject
Project("{2150E333-8FDC-42A3-9474-1A3956D46DE8}") = "Common", "Common", "{C6249D60-36FC-4753-BB80-438E7B713571}"
EndProject
Project("{9A19103F-16F7-4668-BE54-9A1E7A4F7556}") = "TestCommon", "TestCommon\TestCommon.csproj", "{C5FEA2C2-1E77-42D4-BBBA-059ABDC065B1}"
EndProject
Project("{2150E333-8FDC-42A3-9474-1A3956D46DE8}") = "Localization", "Localization", "{EAF17854-3E41-4AC1-802E-6C6BCD793B08}"
EndProject
Project("{9A19103F-16F7-4668-BE54-9A1E7A4F7556}") = "Xtensive.Orm.Localization", "Xtensive.Orm.Localization\Xtensive.Orm.Localization.csproj", "{5A58224F-ABF7-448A-88D4-2D9509A065D5}"
EndProject
Project("{9A19103F-16F7-4668-BE54-9A1E7A4F7556}") = "Xtensive.Orm.Localization.Tests", "Xtensive.Orm.Localization.Tests\Xtensive.Orm.Localization.Tests.csproj", "{D9A1E18E-7667-4C8A-8141-EDF280461C4D}"
EndProject
Project("{2150E333-8FDC-42A3-9474-1A3956D46DE8}") = "Logging", "Logging", "{AD6E7552-0883-4AD1-930C-2D6B76DA6AD9}"
EndProject
Project("{9A19103F-16F7-4668-BE54-9A1E7A4F7556}") = "Xtensive.Orm.Logging.log4net", "Xtensive.Orm.Logging.log4net\Xtensive.Orm.Logging.log4net.csproj", "{D29FA2CA-7AAA-4B44-A0E5-37185E5D7C82}"
EndProject
Project("{9A19103F-16F7-4668-BE54-9A1E7A4F7556}") = "Xtensive.Orm.Logging.log4net.Tests", "Xtensive.Orm.Logging.log4net.Tests\Xtensive.Orm.Logging.log4net.Tests.csproj", "{BB2FECDA-8C89-41B5-A97E-EBAD3A6A42FC}"
EndProject
Project("{9A19103F-16F7-4668-BE54-9A1E7A4F7556}") = "Xtensive.Orm.Logging.NLog", "Xtensive.Orm.Logging.NLog\Xtensive.Orm.Logging.NLog.csproj", "{A4B605CB-81B2-43C6-89E1-DA48547E70F6}"
EndProject
Project("{9A19103F-16F7-4668-BE54-9A1E7A4F7556}") = "Xtensive.Orm.Logging.Nlog.Tests", "Xtensive.Orm.Logging.NLog.Tests\Xtensive.Orm.Logging.Nlog.Tests.csproj", "{53EC2104-C367-4E6E-BAD8-F563CF60BF83}"
EndProject
Project("{2150E333-8FDC-42A3-9474-1A3956D46DE8}") = "Reprocessing", "Reprocessing", "{AFE86F8E-4E7F-41C3-87E8-25F894D1CB9E}"
EndProject
Project("{9A19103F-16F7-4668-BE54-9A1E7A4F7556}") = "Xtensive.Orm.Reprocessing", "Xtensive.Orm.Reprocessing\Xtensive.Orm.Reprocessing.csproj", "{F23A8C0B-A1C0-48B3-9222-647015C637CA}"
EndProject
Project("{9A19103F-16F7-4668-BE54-9A1E7A4F7556}") = "Xtensive.Orm.Reprocessing.Tests", "Xtensive.Orm.Reprocessing.Tests\Xtensive.Orm.Reprocessing.Tests.csproj", "{ACC4CC99-1F1D-472B-8F9B-651D1A5C1AD5}"
EndProject
Project("{2150E333-8FDC-42A3-9474-1A3956D46DE8}") = "Security", "Security", "{ECFE4E21-EB4A-40C4-AA91-A438FEC719DF}"
EndProject
Project("{9A19103F-16F7-4668-BE54-9A1E7A4F7556}") = "Xtensive.Orm.Security", "Xtensive.Orm.Security\Xtensive.Orm.Security.csproj", "{01079125-B1B1-4605-AB6A-92EA58CB8A5D}"
EndProject
Project("{9A19103F-16F7-4668-BE54-9A1E7A4F7556}") = "Xtensive.Orm.Security.Tests", "Xtensive.Orm.Security.Tests\Xtensive.Orm.Security.Tests.csproj", "{C1CC35B7-E907-4FBC-9831-FF3490C65C45}"
EndProject
Project("{2150E333-8FDC-42A3-9474-1A3956D46DE8}") = "Tracking", "Tracking", "{2DECDEA9-5DB3-4ECD-B296-334032797590}"
EndProject
Project("{2150E333-8FDC-42A3-9474-1A3956D46DE8}") = "Web", "Web", "{018D68A9-BE71-44E9-B3B1-20D0BB90A1AB}"
EndProject
Project("{9A19103F-16F7-4668-BE54-9A1E7A4F7556}") = "Xtensive.Orm.Web", "Xtensive.Orm.Web\Xtensive.Orm.Web.csproj", "{190832BC-BDC5-4EBC-8250-30EB299DF500}"
EndProject
Project("{9A19103F-16F7-4668-BE54-9A1E7A4F7556}") = "Xtensive.Orm.Tracking", "Xtensive.Orm.Tracking\Xtensive.Orm.Tracking.csproj", "{E8C59418-7924-4C43-B7ED-48BBC6827AE2}"
EndProject
Project("{9A19103F-16F7-4668-BE54-9A1E7A4F7556}") = "Xtensive.Orm.Tracking.Tests", "Xtensive.Orm.Tracking.Tests\Xtensive.Orm.Tracking.Tests.csproj", "{0F5E3A65-5A8D-43C4-99BA-F4C9B02F4C43}"
EndProject
Global
	GlobalSection(SolutionConfigurationPlatforms) = preSolution
		Debug|Any CPU = Debug|Any CPU
		Release|Any CPU = Release|Any CPU
	EndGlobalSection
	GlobalSection(ProjectConfigurationPlatforms) = postSolution
		{453BB5E4-47C9-43F3-BF42-6F60F001E7A1}.Debug|Any CPU.ActiveCfg = Debug|Any CPU
		{453BB5E4-47C9-43F3-BF42-6F60F001E7A1}.Debug|Any CPU.Build.0 = Debug|Any CPU
		{453BB5E4-47C9-43F3-BF42-6F60F001E7A1}.Release|Any CPU.ActiveCfg = Release|Any CPU
		{453BB5E4-47C9-43F3-BF42-6F60F001E7A1}.Release|Any CPU.Build.0 = Release|Any CPU
		{2F037486-0DDE-44CD-9F50-B35B1333A837}.Debug|Any CPU.ActiveCfg = Debug|Any CPU
		{2F037486-0DDE-44CD-9F50-B35B1333A837}.Debug|Any CPU.Build.0 = Debug|Any CPU
		{2F037486-0DDE-44CD-9F50-B35B1333A837}.Release|Any CPU.ActiveCfg = Release|Any CPU
		{2F037486-0DDE-44CD-9F50-B35B1333A837}.Release|Any CPU.Build.0 = Release|Any CPU
		{C5FEA2C2-1E77-42D4-BBBA-059ABDC065B1}.Debug|Any CPU.ActiveCfg = Debug|Any CPU
		{C5FEA2C2-1E77-42D4-BBBA-059ABDC065B1}.Debug|Any CPU.Build.0 = Debug|Any CPU
		{C5FEA2C2-1E77-42D4-BBBA-059ABDC065B1}.Release|Any CPU.ActiveCfg = Release|Any CPU
		{C5FEA2C2-1E77-42D4-BBBA-059ABDC065B1}.Release|Any CPU.Build.0 = Release|Any CPU
		{5A58224F-ABF7-448A-88D4-2D9509A065D5}.Debug|Any CPU.ActiveCfg = Debug|Any CPU
		{5A58224F-ABF7-448A-88D4-2D9509A065D5}.Debug|Any CPU.Build.0 = Debug|Any CPU
		{5A58224F-ABF7-448A-88D4-2D9509A065D5}.Release|Any CPU.ActiveCfg = Release|Any CPU
		{5A58224F-ABF7-448A-88D4-2D9509A065D5}.Release|Any CPU.Build.0 = Release|Any CPU
		{D9A1E18E-7667-4C8A-8141-EDF280461C4D}.Debug|Any CPU.ActiveCfg = Debug|Any CPU
		{D9A1E18E-7667-4C8A-8141-EDF280461C4D}.Debug|Any CPU.Build.0 = Debug|Any CPU
		{D9A1E18E-7667-4C8A-8141-EDF280461C4D}.Release|Any CPU.ActiveCfg = Release|Any CPU
		{D9A1E18E-7667-4C8A-8141-EDF280461C4D}.Release|Any CPU.Build.0 = Release|Any CPU
		{D29FA2CA-7AAA-4B44-A0E5-37185E5D7C82}.Debug|Any CPU.ActiveCfg = Debug|Any CPU
		{D29FA2CA-7AAA-4B44-A0E5-37185E5D7C82}.Debug|Any CPU.Build.0 = Debug|Any CPU
		{D29FA2CA-7AAA-4B44-A0E5-37185E5D7C82}.Release|Any CPU.ActiveCfg = Release|Any CPU
		{D29FA2CA-7AAA-4B44-A0E5-37185E5D7C82}.Release|Any CPU.Build.0 = Release|Any CPU
		{BB2FECDA-8C89-41B5-A97E-EBAD3A6A42FC}.Debug|Any CPU.ActiveCfg = Debug|Any CPU
		{BB2FECDA-8C89-41B5-A97E-EBAD3A6A42FC}.Debug|Any CPU.Build.0 = Debug|Any CPU
		{BB2FECDA-8C89-41B5-A97E-EBAD3A6A42FC}.Release|Any CPU.ActiveCfg = Release|Any CPU
		{BB2FECDA-8C89-41B5-A97E-EBAD3A6A42FC}.Release|Any CPU.Build.0 = Release|Any CPU
		{A4B605CB-81B2-43C6-89E1-DA48547E70F6}.Debug|Any CPU.ActiveCfg = Debug|Any CPU
		{A4B605CB-81B2-43C6-89E1-DA48547E70F6}.Debug|Any CPU.Build.0 = Debug|Any CPU
		{A4B605CB-81B2-43C6-89E1-DA48547E70F6}.Release|Any CPU.ActiveCfg = Release|Any CPU
		{A4B605CB-81B2-43C6-89E1-DA48547E70F6}.Release|Any CPU.Build.0 = Release|Any CPU
		{53EC2104-C367-4E6E-BAD8-F563CF60BF83}.Debug|Any CPU.ActiveCfg = Debug|Any CPU
		{53EC2104-C367-4E6E-BAD8-F563CF60BF83}.Debug|Any CPU.Build.0 = Debug|Any CPU
		{53EC2104-C367-4E6E-BAD8-F563CF60BF83}.Release|Any CPU.ActiveCfg = Release|Any CPU
		{53EC2104-C367-4E6E-BAD8-F563CF60BF83}.Release|Any CPU.Build.0 = Release|Any CPU
		{F23A8C0B-A1C0-48B3-9222-647015C637CA}.Debug|Any CPU.ActiveCfg = Debug|Any CPU
		{F23A8C0B-A1C0-48B3-9222-647015C637CA}.Debug|Any CPU.Build.0 = Debug|Any CPU
		{F23A8C0B-A1C0-48B3-9222-647015C637CA}.Release|Any CPU.ActiveCfg = Release|Any CPU
		{F23A8C0B-A1C0-48B3-9222-647015C637CA}.Release|Any CPU.Build.0 = Release|Any CPU
		{ACC4CC99-1F1D-472B-8F9B-651D1A5C1AD5}.Debug|Any CPU.ActiveCfg = Debug|Any CPU
		{ACC4CC99-1F1D-472B-8F9B-651D1A5C1AD5}.Debug|Any CPU.Build.0 = Debug|Any CPU
		{ACC4CC99-1F1D-472B-8F9B-651D1A5C1AD5}.Release|Any CPU.ActiveCfg = Release|Any CPU
		{ACC4CC99-1F1D-472B-8F9B-651D1A5C1AD5}.Release|Any CPU.Build.0 = Release|Any CPU
		{01079125-B1B1-4605-AB6A-92EA58CB8A5D}.Debug|Any CPU.ActiveCfg = Debug|Any CPU
		{01079125-B1B1-4605-AB6A-92EA58CB8A5D}.Debug|Any CPU.Build.0 = Debug|Any CPU
		{01079125-B1B1-4605-AB6A-92EA58CB8A5D}.Release|Any CPU.ActiveCfg = Release|Any CPU
		{01079125-B1B1-4605-AB6A-92EA58CB8A5D}.Release|Any CPU.Build.0 = Release|Any CPU
		{C1CC35B7-E907-4FBC-9831-FF3490C65C45}.Debug|Any CPU.ActiveCfg = Debug|Any CPU
		{C1CC35B7-E907-4FBC-9831-FF3490C65C45}.Debug|Any CPU.Build.0 = Debug|Any CPU
		{C1CC35B7-E907-4FBC-9831-FF3490C65C45}.Release|Any CPU.ActiveCfg = Release|Any CPU
		{C1CC35B7-E907-4FBC-9831-FF3490C65C45}.Release|Any CPU.Build.0 = Release|Any CPU
		{190832BC-BDC5-4EBC-8250-30EB299DF500}.Debug|Any CPU.ActiveCfg = Debug|Any CPU
		{190832BC-BDC5-4EBC-8250-30EB299DF500}.Debug|Any CPU.Build.0 = Debug|Any CPU
		{190832BC-BDC5-4EBC-8250-30EB299DF500}.Release|Any CPU.ActiveCfg = Release|Any CPU
		{190832BC-BDC5-4EBC-8250-30EB299DF500}.Release|Any CPU.Build.0 = Release|Any CPU
		{E8C59418-7924-4C43-B7ED-48BBC6827AE2}.Debug|Any CPU.ActiveCfg = Debug|Any CPU
		{E8C59418-7924-4C43-B7ED-48BBC6827AE2}.Debug|Any CPU.Build.0 = Debug|Any CPU
		{E8C59418-7924-4C43-B7ED-48BBC6827AE2}.Release|Any CPU.ActiveCfg = Release|Any CPU
		{E8C59418-7924-4C43-B7ED-48BBC6827AE2}.Release|Any CPU.Build.0 = Release|Any CPU
		{0F5E3A65-5A8D-43C4-99BA-F4C9B02F4C43}.Debug|Any CPU.ActiveCfg = Debug|Any CPU
		{0F5E3A65-5A8D-43C4-99BA-F4C9B02F4C43}.Debug|Any CPU.Build.0 = Debug|Any CPU
		{0F5E3A65-5A8D-43C4-99BA-F4C9B02F4C43}.Release|Any CPU.ActiveCfg = Release|Any CPU
		{0F5E3A65-5A8D-43C4-99BA-F4C9B02F4C43}.Release|Any CPU.Build.0 = Release|Any CPU
	EndGlobalSection
	GlobalSection(SolutionProperties) = preSolution
		HideSolutionNode = FALSE
	EndGlobalSection
	GlobalSection(NestedProjects) = preSolution
		{453BB5E4-47C9-43F3-BF42-6F60F001E7A1} = {6DDF27EA-910A-4DC5-9FB0-913F7E758798}
		{2F037486-0DDE-44CD-9F50-B35B1333A837} = {6DDF27EA-910A-4DC5-9FB0-913F7E758798}
		{C5FEA2C2-1E77-42D4-BBBA-059ABDC065B1} = {C6249D60-36FC-4753-BB80-438E7B713571}
		{5A58224F-ABF7-448A-88D4-2D9509A065D5} = {EAF17854-3E41-4AC1-802E-6C6BCD793B08}
		{D9A1E18E-7667-4C8A-8141-EDF280461C4D} = {EAF17854-3E41-4AC1-802E-6C6BCD793B08}
		{D29FA2CA-7AAA-4B44-A0E5-37185E5D7C82} = {AD6E7552-0883-4AD1-930C-2D6B76DA6AD9}
		{BB2FECDA-8C89-41B5-A97E-EBAD3A6A42FC} = {AD6E7552-0883-4AD1-930C-2D6B76DA6AD9}
		{A4B605CB-81B2-43C6-89E1-DA48547E70F6} = {AD6E7552-0883-4AD1-930C-2D6B76DA6AD9}
		{53EC2104-C367-4E6E-BAD8-F563CF60BF83} = {AD6E7552-0883-4AD1-930C-2D6B76DA6AD9}
		{F23A8C0B-A1C0-48B3-9222-647015C637CA} = {AFE86F8E-4E7F-41C3-87E8-25F894D1CB9E}
		{ACC4CC99-1F1D-472B-8F9B-651D1A5C1AD5} = {AFE86F8E-4E7F-41C3-87E8-25F894D1CB9E}
		{01079125-B1B1-4605-AB6A-92EA58CB8A5D} = {ECFE4E21-EB4A-40C4-AA91-A438FEC719DF}
		{C1CC35B7-E907-4FBC-9831-FF3490C65C45} = {ECFE4E21-EB4A-40C4-AA91-A438FEC719DF}
		{190832BC-BDC5-4EBC-8250-30EB299DF500} = {018D68A9-BE71-44E9-B3B1-20D0BB90A1AB}
		{E8C59418-7924-4C43-B7ED-48BBC6827AE2} = {2DECDEA9-5DB3-4ECD-B296-334032797590}
		{0F5E3A65-5A8D-43C4-99BA-F4C9B02F4C43} = {2DECDEA9-5DB3-4ECD-B296-334032797590}
	EndGlobalSection
	GlobalSection(ExtensibilityGlobals) = postSolution
		SolutionGuid = {F98A5807-7CD0-4215-91BE-442574DE2DF3}
	EndGlobalSection
EndGlobal
